
Microsoft Visual Studio Solution File, Format Version 12.00
Project("{FAE04EC0-301F-11D3-BF4B-00C04F79EFBC}") = "Labor_01", "Labor_01\Labor_01.csproj", "{F5FBF0A1-7E31-458D-8B01-90890643158F}"
EndProject
Project("{FAE04EC0-301F-11D3-BF4B-00C04F79EFBC}") = "Labor_08", "Labor_08\Labor_08.csproj", "{E426A056-F6E5-4042-9514-4EFFFB190884}"
EndProject
Project("{FAE04EC0-301F-11D3-BF4B-00C04F79EFBC}") = "Labor_09", "Labor_09\Labor_09.csproj", "{713B6981-3DF1-4CEF-91B5-F74A3A9CB8E7}"
EndProject
Project("{FAE04EC0-301F-11D3-BF4B-00C04F79EFBC}") = "Labor_10", "Labor_10\Labor_10.csproj", "{B7B9667C-F231-4C69-8C74-52726304A10C}"
EndProject
Project("{FAE04EC0-301F-11D3-BF4B-00C04F79EFBC}") = "Labor_02", "Labor_02\Labor_02.csproj", "{EE592FEE-AE00-4F35-A9F2-FCA133C4FC59}"
EndProject
Project("{FAE04EC0-301F-11D3-BF4B-00C04F79EFBC}") = "Labor_03", "Labor_03\Labor_03.csproj", "{98DB001B-4236-4F16-ADFF-565E5E1F8C00}"
EndProject
Project("{FAE04EC0-301F-11D3-BF4B-00C04F79EFBC}") = "Labor_07", "Labor_07\Labor_07.csproj", "{1C927209-D377-483E-B5D3-373FF2F96BD2}"
EndProject
Project("{FAE04EC0-301F-11D3-BF4B-00C04F79EFBC}") = "Labor_04", "Labor_04\Labor_04.csproj", "{088C29A5-BBF9-4055-9E0D-35844235EFBA}"
EndProject
Project("{FAE04EC0-301F-11D3-BF4B-00C04F79EFBC}") = "ZH_2", "ZH_2\ZH_2.csproj", "{3ADDF52E-A333-4133-B56D-A493D80ADE4B}"
EndProject
Global
	GlobalSection(SolutionConfigurationPlatforms) = preSolution
		Debug|Any CPU = Debug|Any CPU
		Release|Any CPU = Release|Any CPU
	EndGlobalSection
	GlobalSection(ProjectConfigurationPlatforms) = postSolution
		{F5FBF0A1-7E31-458D-8B01-90890643158F}.Debug|Any CPU.ActiveCfg = Debug|Any CPU
		{F5FBF0A1-7E31-458D-8B01-90890643158F}.Debug|Any CPU.Build.0 = Debug|Any CPU
		{F5FBF0A1-7E31-458D-8B01-90890643158F}.Release|Any CPU.ActiveCfg = Release|Any CPU
		{F5FBF0A1-7E31-458D-8B01-90890643158F}.Release|Any CPU.Build.0 = Release|Any CPU
		{E426A056-F6E5-4042-9514-4EFFFB190884}.Debug|Any CPU.ActiveCfg = Debug|Any CPU
		{E426A056-F6E5-4042-9514-4EFFFB190884}.Debug|Any CPU.Build.0 = Debug|Any CPU
		{E426A056-F6E5-4042-9514-4EFFFB190884}.Release|Any CPU.ActiveCfg = Release|Any CPU
		{E426A056-F6E5-4042-9514-4EFFFB190884}.Release|Any CPU.Build.0 = Release|Any CPU
		{713B6981-3DF1-4CEF-91B5-F74A3A9CB8E7}.Debug|Any CPU.ActiveCfg = Debug|Any CPU
		{713B6981-3DF1-4CEF-91B5-F74A3A9CB8E7}.Debug|Any CPU.Build.0 = Debug|Any CPU
		{713B6981-3DF1-4CEF-91B5-F74A3A9CB8E7}.Release|Any CPU.ActiveCfg = Release|Any CPU
		{713B6981-3DF1-4CEF-91B5-F74A3A9CB8E7}.Release|Any CPU.Build.0 = Release|Any CPU
		{B7B9667C-F231-4C69-8C74-52726304A10C}.Debug|Any CPU.ActiveCfg = Debug|Any CPU
		{B7B9667C-F231-4C69-8C74-52726304A10C}.Debug|Any CPU.Build.0 = Debug|Any CPU
		{B7B9667C-F231-4C69-8C74-52726304A10C}.Release|Any CPU.ActiveCfg = Release|Any CPU
		{B7B9667C-F231-4C69-8C74-52726304A10C}.Release|Any CPU.Build.0 = Release|Any CPU
		{EE592FEE-AE00-4F35-A9F2-FCA133C4FC59}.Debug|Any CPU.ActiveCfg = Debug|Any CPU
		{EE592FEE-AE00-4F35-A9F2-FCA133C4FC59}.Debug|Any CPU.Build.0 = Debug|Any CPU
		{EE592FEE-AE00-4F35-A9F2-FCA133C4FC59}.Release|Any CPU.ActiveCfg = Release|Any CPU
		{EE592FEE-AE00-4F35-A9F2-FCA133C4FC59}.Release|Any CPU.Build.0 = Release|Any CPU
		{98DB001B-4236-4F16-ADFF-565E5E1F8C00}.Debug|Any CPU.ActiveCfg = Debug|Any CPU
		{98DB001B-4236-4F16-ADFF-565E5E1F8C00}.Debug|Any CPU.Build.0 = Debug|Any CPU
		{98DB001B-4236-4F16-ADFF-565E5E1F8C00}.Release|Any CPU.ActiveCfg = Release|Any CPU
		{98DB001B-4236-4F16-ADFF-565E5E1F8C00}.Release|Any CPU.Build.0 = Release|Any CPU
		{1C927209-D377-483E-B5D3-373FF2F96BD2}.Debug|Any CPU.ActiveCfg = Debug|Any CPU
		{1C927209-D377-483E-B5D3-373FF2F96BD2}.Debug|Any CPU.Build.0 = Debug|Any CPU
		{1C927209-D377-483E-B5D3-373FF2F96BD2}.Release|Any CPU.ActiveCfg = Release|Any CPU
		{1C927209-D377-483E-B5D3-373FF2F96BD2}.Release|Any CPU.Build.0 = Release|Any CPU
		{088C29A5-BBF9-4055-9E0D-35844235EFBA}.Debug|Any CPU.ActiveCfg = Debug|Any CPU
		{088C29A5-BBF9-4055-9E0D-35844235EFBA}.Debug|Any CPU.Build.0 = Debug|Any CPU
		{088C29A5-BBF9-4055-9E0D-35844235EFBA}.Release|Any CPU.ActiveCfg = Release|Any CPU
		{088C29A5-BBF9-4055-9E0D-35844235EFBA}.Release|Any CPU.Build.0 = Release|Any CPU
		{3ADDF52E-A333-4133-B56D-A493D80ADE4B}.Debug|Any CPU.ActiveCfg = Debug|Any CPU
		{3ADDF52E-A333-4133-B56D-A493D80ADE4B}.Debug|Any CPU.Build.0 = Debug|Any CPU
		{3ADDF52E-A333-4133-B56D-A493D80ADE4B}.Release|Any CPU.ActiveCfg = Release|Any CPU
		{3ADDF52E-A333-4133-B56D-A493D80ADE4B}.Release|Any CPU.Build.0 = Release|Any CPU
	EndGlobalSection
EndGlobal
